
Microsoft Visual Studio Solution File, Format Version 12.00
# Visual Studio Version 16
VisualStudioVersion = 16.0.30907.101
MinimumVisualStudioVersion = 10.0.40219.1
Project("{2150E333-8FDC-42A3-9474-1A3956D46DE8}") = "Src", "Src", "{F59976D1-4DE8-48BB-B50E-5869ED963DC2}"
EndProject
Project("{2150E333-8FDC-42A3-9474-1A3956D46DE8}") = "Test", "Test", "{350AC7D8-2FC0-455F-8C0D-1A92DE7EDE7A}"
EndProject
Project("{2150E333-8FDC-42A3-9474-1A3956D46DE8}") = "Api", "Api", "{DA4F208D-859D-49F7-AC25-D6525654FC8E}"
EndProject
Project("{2150E333-8FDC-42A3-9474-1A3956D46DE8}") = "Core", "Core", "{6073DBE5-AC65-49C6-93CE-82CB8FF07B52}"
EndProject
Project("{2150E333-8FDC-42A3-9474-1A3956D46DE8}") = "Infrastructure", "Infrastructure", "{BE98BE94-593A-4051-9A28-655E612BA075}"
EndProject
Project("{9A19103F-16F7-4668-BE54-9A1E7A4F7556}") = "FiveCode.Api", "FiveCode.Api\FiveCode.Api.csproj", "{BB8F4925-9A01-4A83-9C8C-158FB3A23150}"
EndProject
Project("{9A19103F-16F7-4668-BE54-9A1E7A4F7556}") = "FiveCode.Application", "FiveCode.AppLICATION\FiveCode.Application.csproj", "{6AF4D3D6-1362-4556-AE62-FFB1536C09C8}"
EndProject
Project("{9A19103F-16F7-4668-BE54-9A1E7A4F7556}") = "FiveCode.Domain", "FiveCode.Domain\FiveCode.Domain.csproj", "{77CF0E24-2753-4DAA-A1C0-0A310FC6EAF9}"
EndProject
Project("{9A19103F-16F7-4668-BE54-9A1E7A4F7556}") = "FiveCode.Data", "FiveCode.Data\FiveCode.Data.csproj", "{81A97F4C-1773-498C-B154-0AC4E64921C3}"
EndProject
Project("{FAE04EC0-301F-11D3-BF4B-00C04F79EFBC}") = "FiveCodeTest.UnitTest", "FiveCodeTest.UnitTest\FiveCodeTest.UnitTest.csproj", "{B6F97FDD-50E9-46D0-96EF-17085E7AAB1C}"
EndProject
Global
	GlobalSection(SolutionConfigurationPlatforms) = preSolution
		Debug|Any CPU = Debug|Any CPU
		Release|Any CPU = Release|Any CPU
	EndGlobalSection
	GlobalSection(ProjectConfigurationPlatforms) = postSolution
		{BB8F4925-9A01-4A83-9C8C-158FB3A23150}.Debug|Any CPU.ActiveCfg = Debug|Any CPU
		{BB8F4925-9A01-4A83-9C8C-158FB3A23150}.Debug|Any CPU.Build.0 = Debug|Any CPU
		{BB8F4925-9A01-4A83-9C8C-158FB3A23150}.Release|Any CPU.ActiveCfg = Release|Any CPU
		{BB8F4925-9A01-4A83-9C8C-158FB3A23150}.Release|Any CPU.Build.0 = Release|Any CPU
		{6AF4D3D6-1362-4556-AE62-FFB1536C09C8}.Debug|Any CPU.ActiveCfg = Debug|Any CPU
		{6AF4D3D6-1362-4556-AE62-FFB1536C09C8}.Debug|Any CPU.Build.0 = Debug|Any CPU
		{6AF4D3D6-1362-4556-AE62-FFB1536C09C8}.Release|Any CPU.ActiveCfg = Release|Any CPU
		{6AF4D3D6-1362-4556-AE62-FFB1536C09C8}.Release|Any CPU.Build.0 = Release|Any CPU
		{77CF0E24-2753-4DAA-A1C0-0A310FC6EAF9}.Debug|Any CPU.ActiveCfg = Debug|Any CPU
		{77CF0E24-2753-4DAA-A1C0-0A310FC6EAF9}.Debug|Any CPU.Build.0 = Debug|Any CPU
		{77CF0E24-2753-4DAA-A1C0-0A310FC6EAF9}.Release|Any CPU.ActiveCfg = Release|Any CPU
		{77CF0E24-2753-4DAA-A1C0-0A310FC6EAF9}.Release|Any CPU.Build.0 = Release|Any CPU
		{81A97F4C-1773-498C-B154-0AC4E64921C3}.Debug|Any CPU.ActiveCfg = Debug|Any CPU
		{81A97F4C-1773-498C-B154-0AC4E64921C3}.Debug|Any CPU.Build.0 = Debug|Any CPU
		{81A97F4C-1773-498C-B154-0AC4E64921C3}.Release|Any CPU.ActiveCfg = Release|Any CPU
		{81A97F4C-1773-498C-B154-0AC4E64921C3}.Release|Any CPU.Build.0 = Release|Any CPU
		{B6F97FDD-50E9-46D0-96EF-17085E7AAB1C}.Debug|Any CPU.ActiveCfg = Debug|Any CPU
		{B6F97FDD-50E9-46D0-96EF-17085E7AAB1C}.Debug|Any CPU.Build.0 = Debug|Any CPU
		{B6F97FDD-50E9-46D0-96EF-17085E7AAB1C}.Release|Any CPU.ActiveCfg = Release|Any CPU
		{B6F97FDD-50E9-46D0-96EF-17085E7AAB1C}.Release|Any CPU.Build.0 = Release|Any CPU
	EndGlobalSection
	GlobalSection(SolutionProperties) = preSolution
		HideSolutionNode = FALSE
	EndGlobalSection
	GlobalSection(NestedProjects) = preSolution
		{DA4F208D-859D-49F7-AC25-D6525654FC8E} = {F59976D1-4DE8-48BB-B50E-5869ED963DC2}
		{6073DBE5-AC65-49C6-93CE-82CB8FF07B52} = {F59976D1-4DE8-48BB-B50E-5869ED963DC2}
		{BE98BE94-593A-4051-9A28-655E612BA075} = {F59976D1-4DE8-48BB-B50E-5869ED963DC2}
		{BB8F4925-9A01-4A83-9C8C-158FB3A23150} = {DA4F208D-859D-49F7-AC25-D6525654FC8E}
		{6AF4D3D6-1362-4556-AE62-FFB1536C09C8} = {6073DBE5-AC65-49C6-93CE-82CB8FF07B52}
		{77CF0E24-2753-4DAA-A1C0-0A310FC6EAF9} = {6073DBE5-AC65-49C6-93CE-82CB8FF07B52}
		{81A97F4C-1773-498C-B154-0AC4E64921C3} = {BE98BE94-593A-4051-9A28-655E612BA075}
		{B6F97FDD-50E9-46D0-96EF-17085E7AAB1C} = {350AC7D8-2FC0-455F-8C0D-1A92DE7EDE7A}
	EndGlobalSection
	GlobalSection(ExtensibilityGlobals) = postSolution
		SolutionGuid = {504CF051-653C-41C9-9D41-C4EDD68402F5}
	EndGlobalSection
EndGlobal
